
Microsoft Visual Studio Solution File, Format Version 12.00
# Visual Studio Version 16
VisualStudioVersion = 16.0.30413.136
MinimumVisualStudioVersion = 10.0.40219.1
Project("{9A19103F-16F7-4668-BE54-9A1E7A4F7556}") = "projetfromage", "projetfromage\projetfromage.csproj", "{6CC1BE9C-A951-4DF6-82DD-DD69BE095C19}"
EndProject
Project("{FAE04EC0-301F-11D3-BF4B-00C04F79EFBC}") = "ModelLayer", "projet_fromage\ModelLayer.csproj", "{FC96FB7B-B130-4705-A8B7-CA68DFB3E8F2}"
EndProject
Project("{2150E333-8FDC-42A3-9474-1A3956D46DE8}") = "Common", "Common", "{AE93EB7F-1571-4D0E-B2AE-82CD2EF027EC}"
	ProjectSection(SolutionItems) = preProject
		projetfromage\fromages.csv = projetfromage\fromages.csv
		projetfromage\pays.csv = projetfromage\pays.csv
	EndProjectSection
EndProject
Global
	GlobalSection(SolutionConfigurationPlatforms) = preSolution
		Debug|Any CPU = Debug|Any CPU
		Release|Any CPU = Release|Any CPU
	EndGlobalSection
	GlobalSection(ProjectConfigurationPlatforms) = postSolution
		{6CC1BE9C-A951-4DF6-82DD-DD69BE095C19}.Debug|Any CPU.ActiveCfg = Debug|Any CPU
		{6CC1BE9C-A951-4DF6-82DD-DD69BE095C19}.Debug|Any CPU.Build.0 = Debug|Any CPU
		{6CC1BE9C-A951-4DF6-82DD-DD69BE095C19}.Release|Any CPU.ActiveCfg = Release|Any CPU
		{6CC1BE9C-A951-4DF6-82DD-DD69BE095C19}.Release|Any CPU.Build.0 = Release|Any CPU
		{FC96FB7B-B130-4705-A8B7-CA68DFB3E8F2}.Debug|Any CPU.ActiveCfg = Debug|Any CPU
		{FC96FB7B-B130-4705-A8B7-CA68DFB3E8F2}.Debug|Any CPU.Build.0 = Debug|Any CPU
		{FC96FB7B-B130-4705-A8B7-CA68DFB3E8F2}.Release|Any CPU.ActiveCfg = Release|Any CPU
		{FC96FB7B-B130-4705-A8B7-CA68DFB3E8F2}.Release|Any CPU.Build.0 = Release|Any CPU
	EndGlobalSection
	GlobalSection(SolutionProperties) = preSolution
		HideSolutionNode = FALSE
	EndGlobalSection
	GlobalSection(ExtensibilityGlobals) = postSolution
		SolutionGuid = {173AFC7E-DF9B-4ABD-BBBD-9DF6A2892A88}
	EndGlobalSection
EndGlobal
